{
  "version": 4,
  "terraform_version": "1.15.8",
  "serial": 84,
  "lineage": "b40009a6-f31a-a90c-6807-397cb3706cb2",
  "outputs": {},
  "resources": [
    {
      "mode": "managed",
      "type": "eveng_lab",
      "name": "lab_mpls_risco",
      "provider": "provider[\"registry.terraform.io/corentinptrl/eveng\"]",
      "instances": [
        {
          "schema_version": 0,
          "attributes": {
            "author": null,
            "body": null,
            "description": "Laboratorio MPLS - VRF Risco",
            "filename": "Topologia_MPLS_Risco.unl",
            "folder_path": null,
            "id": "46052382-4b1a-41c1-99fb-e73734d7614d",
            "name": "Topologia_MPLS_Risco",
            "path": "/Topologia_MPLS_Risco.unl",
            "version": "0"
          },
          "sensitive_attributes": [],
          "identity_schema_version": 0
        }
      ]
    },
    {
      "mode": "managed",
      "type": "eveng_network",
      "name": "cloud_gestion",
      "provider": "provider[\"registry.terraform.io/corentinptrl/eveng\"]",
      "instances": [
        {
          "schema_version": 0,
          "attributes": {
            "icon": "cloud.png",
            "id": 7,
            "lab_path": "/Topologia_MPLS_Risco.unl",
            "left": 450,
            "name": "Management_Cloud",
            "top": 50,
            "type": "pnet0"
          },
          "sensitive_attributes": [],
          "identity_schema_version": 0,
          "dependencies": [
            "eveng_lab.lab_mpls_risco"
          ]
        }
      ]
    },
    {
      "mode": "managed",
      "type": "eveng_network",
      "name": "net_p1_pe2",
      "provider": "provider[\"registry.terraform.io/corentinptrl/eveng\"]",
      "instances": [
        {
          "schema_version": 0,
          "attributes": {
            "icon": "lan.png",
            "id": 4,
            "lab_path": "/Topologia_MPLS_Risco.unl",
            "left": 0,
            "name": "Net_P1_PE2",
            "top": 0,
            "type": "bridge"
          },
          "sensitive_attributes": [],
          "identity_schema_version": 0,
          "dependencies": [
            "eveng_lab.lab_mpls_risco"
          ]
        }
      ]
    },
    {
      "mode": "managed",
      "type": "eveng_network",
      "name": "net_p2_pe2",
      "provider": "provider[\"registry.terraform.io/corentinptrl/eveng\"]",
      "instances": [
        {
          "schema_version": 0,
          "attributes": {
            "icon": "lan.png",
            "id": 5,
            "lab_path": "/Topologia_MPLS_Risco.unl",
            "left": 0,
            "name": "Net_P2_PE2",
            "top": 0,
            "type": "bridge"
          },
          "sensitive_attributes": [],
          "identity_schema_version": 0,
          "dependencies": [
            "eveng_lab.lab_mpls_risco"
          ]
        }
      ]
    },
    {
      "mode": "managed",
      "type": "eveng_network",
      "name": "net_p2_rr1",
      "provider": "provider[\"registry.terraform.io/corentinptrl/eveng\"]",
      "instances": [
        {
          "schema_version": 0,
          "attributes": {
            "icon": "lan.png",
            "id": 6,
            "lab_path": "/Topologia_MPLS_Risco.unl",
            "left": 0,
            "name": "Net_P2_RR1",
            "top": 0,
            "type": "bridge"
          },
          "sensitive_attributes": [],
          "identity_schema_version": 0,
          "dependencies": [
            "eveng_lab.lab_mpls_risco"
          ]
        }
      ]
    },
    {
      "mode": "managed",
      "type": "eveng_network",
      "name": "net_pe1_p1",
      "provider": "provider[\"registry.terraform.io/corentinptrl/eveng\"]",
      "instances": [
        {
          "schema_version": 0,
          "attributes": {
            "icon": "lan.png",
            "id": 3,
            "lab_path": "/Topologia_MPLS_Risco.unl",
            "left": 0,
            "name": "Net_PE1_P1",
            "top": 0,
            "type": "bridge"
          },
          "sensitive_attributes": [],
          "identity_schema_version": 0,
          "dependencies": [
            "eveng_lab.lab_mpls_risco"
          ]
        }
      ]
    },
    {
      "mode": "managed",
      "type": "eveng_network",
      "name": "net_pe1_p2",
      "provider": "provider[\"registry.terraform.io/corentinptrl/eveng\"]",
      "instances": [
        {
          "schema_version": 0,
          "attributes": {
            "icon": "lan.png",
            "id": 1,
            "lab_path": "/Topologia_MPLS_Risco.unl",
            "left": 0,
            "name": "Net_PE1_P2",
            "top": 0,
            "type": "bridge"
          },
          "sensitive_attributes": [],
          "identity_schema_version": 0,
          "dependencies": [
            "eveng_lab.lab_mpls_risco"
          ]
        }
      ]
    },
    {
      "mode": "managed",
      "type": "eveng_network",
      "name": "net_rr1_p1",
      "provider": "provider[\"registry.terraform.io/corentinptrl/eveng\"]",
      "instances": [
        {
          "schema_version": 0,
          "attributes": {
            "icon": "lan.png",
            "id": 2,
            "lab_path": "/Topologia_MPLS_Risco.unl",
            "left": 0,
            "name": "Net_RR1_P1",
            "top": 0,
            "type": "bridge"
          },
          "sensitive_attributes": [],
          "identity_schema_version": 0,
          "dependencies": [
            "eveng_lab.lab_mpls_risco"
          ]
        }
      ]
    },
    {
      "mode": "managed",
      "type": "eveng_node",
      "name": "p_1",
      "provider": "provider[\"registry.terraform.io/corentinptrl/eveng\"]",
      "instances": [
        {
          "schema_version": 0,
          "attributes": {
            "config": null,
            "console": "",
            "cpu": 0,
            "delay": 0,
            "ethernet": 1,
            "icon": "Router-2D-Gen-White-S.svg",
            "id": 2,
            "image": "i86bi-linux-l3-adventerprisek9-15.4.1T.bin",
            "interfaces": {
              "ethernet": [
                "e0/3",
                "e0/0",
                "e0/1",
                "e0/2"
              ],
              "serial": []
            },
            "lab_path": "/Topologia_MPLS_Risco.unl",
            "left": 450,
            "name": "P_1",
            "ram": 1024,
            "template": "iol",
            "top": 600,
            "type": "iol",
            "url": "telnet://192.168.93.128:32770",
            "uuid": ""
          },
          "sensitive_attributes": [],
          "identity_schema_version": 0,
          "dependencies": [
            "eveng_lab.lab_mpls_risco"
          ]
        }
      ]
    },
    {
      "mode": "managed",
      "type": "eveng_node",
      "name": "p_2",
      "provider": "provider[\"registry.terraform.io/corentinptrl/eveng\"]",
      "instances": [
        {
          "schema_version": 0,
          "attributes": {
            "config": null,
            "console": "",
            "cpu": 0,
            "delay": 0,
            "ethernet": 1,
            "icon": "Router-2D-Gen-White-S.svg",
            "id": 3,
            "image": "i86bi-linux-l3-adventerprisek9-15.4.1T.bin",
            "interfaces": {
              "ethernet": [
                "e0/0",
                "e0/1",
                "e0/2",
                "e0/3"
              ],
              "serial": []
            },
            "lab_path": "/Topologia_MPLS_Risco.unl",
            "left": 450,
            "name": "P_2",
            "ram": 1024,
            "template": "iol",
            "top": 200,
            "type": "iol",
            "url": "telnet://192.168.93.128:32771",
            "uuid": ""
          },
          "sensitive_attributes": [],
          "identity_schema_version": 0,
          "dependencies": [
            "eveng_lab.lab_mpls_risco"
          ]
        }
      ]
    },
    {
      "mode": "managed",
      "type": "eveng_node",
      "name": "pe_1",
      "provider": "provider[\"registry.terraform.io/corentinptrl/eveng\"]",
      "instances": [
        {
          "schema_version": 0,
          "attributes": {
            "config": null,
            "console": "",
            "cpu": 0,
            "delay": 0,
            "ethernet": 1,
            "icon": "Router-2D-Gen-White-S.svg",
            "id": 5,
            "image": "i86bi-linux-l3-adventerprisek9-15.4.1T.bin",
            "interfaces": {
              "ethernet": [
                "e0/0",
                "e0/1",
                "e0/2",
                "e0/3"
              ],
              "serial": []
            },
            "lab_path": "/Topologia_MPLS_Risco.unl",
            "left": 200,
            "name": "PE_1",
            "ram": 1024,
            "template": "iol",
            "top": 400,
            "type": "iol",
            "url": "telnet://192.168.93.128:32773",
            "uuid": ""
          },
          "sensitive_attributes": [],
          "identity_schema_version": 0,
          "dependencies": [
            "eveng_lab.lab_mpls_risco"
          ]
        }
      ]
    },
    {
      "mode": "managed",
      "type": "eveng_node",
      "name": "pe_2",
      "provider": "provider[\"registry.terraform.io/corentinptrl/eveng\"]",
      "instances": [
        {
          "schema_version": 0,
          "attributes": {
            "config": null,
            "console": "",
            "cpu": 0,
            "delay": 0,
            "ethernet": 1,
            "icon": "Router-2D-Gen-White-S.svg",
            "id": 1,
            "image": "i86bi-linux-l3-adventerprisek9-15.4.1T.bin",
            "interfaces": {
              "ethernet": [
                "e0/2",
                "e0/3",
                "e0/0",
                "e0/1"
              ],
              "serial": []
            },
            "lab_path": "/Topologia_MPLS_Risco.unl",
            "left": 700,
            "name": "PE_2",
            "ram": 1024,
            "template": "iol",
            "top": 400,
            "type": "iol",
            "url": "telnet://192.168.93.128:32769",
            "uuid": ""
          },
          "sensitive_attributes": [],
          "identity_schema_version": 0,
          "dependencies": [
            "eveng_lab.lab_mpls_risco"
          ]
        }
      ]
    },
    {
      "mode": "managed",
      "type": "eveng_node",
      "name": "rr_1",
      "provider": "provider[\"registry.terraform.io/corentinptrl/eveng\"]",
      "instances": [
        {
          "schema_version": 0,
          "attributes": {
            "config": null,
            "console": "",
            "cpu": 0,
            "delay": 0,
            "ethernet": 1,
            "icon": "Router-2D-Gen-White-S.svg",
            "id": 4,
            "image": "i86bi-linux-l3-adventerprisek9-15.4.1T.bin",
            "interfaces": {
              "ethernet": [
                "e0/3",
                "e0/0",
                "e0/1",
                "e0/2"
              ],
              "serial": []
            },
            "lab_path": "/Topologia_MPLS_Risco.unl",
            "left": 450,
            "name": "RR_1",
            "ram": 1024,
            "template": "iol",
            "top": 400,
            "type": "iol",
            "url": "telnet://192.168.93.128:32772",
            "uuid": ""
          },
          "sensitive_attributes": [],
          "identity_schema_version": 0,
          "dependencies": [
            "eveng_lab.lab_mpls_risco"
          ]
        }
      ]
    },
    {
      "mode": "managed",
      "type": "eveng_node_link",
      "name": "link_p1_pe2_p1",
      "provider": "provider[\"registry.terraform.io/corentinptrl/eveng\"]",
      "instances": [
        {
          "schema_version": 0,
          "attributes": {
            "lab_path": "/Topologia_MPLS_Risco.unl",
            "network_id": 4,
            "source_node_id": 2,
            "source_port": "e0/2",
            "style": null,
            "target_node_id": null,
            "target_port": null
          },
          "sensitive_attributes": [],
          "identity_schema_version": 0,
          "dependencies": [
            "eveng_lab.lab_mpls_risco",
            "eveng_network.net_p1_pe2",
            "eveng_node.p_1"
          ]
        }
      ]
    },
    {
      "mode": "managed",
      "type": "eveng_node_link",
      "name": "link_p1_pe2_pe2",
      "provider": "provider[\"registry.terraform.io/corentinptrl/eveng\"]",
      "instances": [
        {
          "schema_version": 0,
          "attributes": {
            "lab_path": "/Topologia_MPLS_Risco.unl",
            "network_id": 4,
            "source_node_id": 1,
            "source_port": "e0/0",
            "style": null,
            "target_node_id": null,
            "target_port": null
          },
          "sensitive_attributes": [],
          "identity_schema_version": 0,
          "dependencies": [
            "eveng_lab.lab_mpls_risco",
            "eveng_network.net_p1_pe2",
            "eveng_node.pe_2"
          ]
        }
      ]
    },
    {
      "mode": "managed",
      "type": "eveng_node_link",
      "name": "link_p2_pe2_p2",
      "provider": "provider[\"registry.terraform.io/corentinptrl/eveng\"]",
      "instances": [
        {
          "schema_version": 0,
          "attributes": {
            "lab_path": "/Topologia_MPLS_Risco.unl",
            "network_id": 5,
            "source_node_id": 3,
            "source_port": "e0/2",
            "style": null,
            "target_node_id": null,
            "target_port": null
          },
          "sensitive_attributes": [],
          "identity_schema_version": 0,
          "dependencies": [
            "eveng_lab.lab_mpls_risco",
            "eveng_network.net_p2_pe2",
            "eveng_node.p_2"
          ]
        }
      ]
    },
    {
      "mode": "managed",
      "type": "eveng_node_link",
      "name": "link_p2_pe2_pe2",
      "provider": "provider[\"registry.terraform.io/corentinptrl/eveng\"]",
      "instances": [
        {
          "schema_version": 0,
          "attributes": {
            "lab_path": "/Topologia_MPLS_Risco.unl",
            "network_id": 5,
            "source_node_id": 1,
            "source_port": "e0/1",
            "style": null,
            "target_node_id": null,
            "target_port": null
          },
          "sensitive_attributes": [],
          "identity_schema_version": 0,
          "dependencies": [
            "eveng_lab.lab_mpls_risco",
            "eveng_network.net_p2_pe2",
            "eveng_node.pe_2"
          ]
        }
      ]
    },
    {
      "mode": "managed",
      "type": "eveng_node_link",
      "name": "link_p2_rr1_p2",
      "provider": "provider[\"registry.terraform.io/corentinptrl/eveng\"]",
      "instances": [
        {
          "schema_version": 0,
          "attributes": {
            "lab_path": "/Topologia_MPLS_Risco.unl",
            "network_id": 6,
            "source_node_id": 3,
            "source_port": "e0/1",
            "style": null,
            "target_node_id": null,
            "target_port": null
          },
          "sensitive_attributes": [],
          "identity_schema_version": 0,
          "dependencies": [
            "eveng_lab.lab_mpls_risco",
            "eveng_network.net_p2_rr1",
            "eveng_node.p_2"
          ]
        }
      ]
    },
    {
      "mode": "managed",
      "type": "eveng_node_link",
      "name": "link_p2_rr1_rr1",
      "provider": "provider[\"registry.terraform.io/corentinptrl/eveng\"]",
      "instances": [
        {
          "schema_version": 0,
          "attributes": {
            "lab_path": "/Topologia_MPLS_Risco.unl",
            "network_id": 6,
            "source_node_id": 4,
            "source_port": "e0/0",
            "style": null,
            "target_node_id": null,
            "target_port": null
          },
          "sensitive_attributes": [],
          "identity_schema_version": 0,
          "dependencies": [
            "eveng_lab.lab_mpls_risco",
            "eveng_network.net_p2_rr1",
            "eveng_node.rr_1"
          ]
        }
      ]
    },
    {
      "mode": "managed",
      "type": "eveng_node_link",
      "name": "link_pe1_p1_p1",
      "provider": "provider[\"registry.terraform.io/corentinptrl/eveng\"]",
      "instances": [
        {
          "schema_version": 0,
          "attributes": {
            "lab_path": "/Topologia_MPLS_Risco.unl",
            "network_id": 3,
            "source_node_id": 2,
            "source_port": "e0/0",
            "style": null,
            "target_node_id": null,
            "target_port": null
          },
          "sensitive_attributes": [],
          "identity_schema_version": 0,
          "dependencies": [
            "eveng_lab.lab_mpls_risco",
            "eveng_network.net_pe1_p1",
            "eveng_node.p_1"
          ]
        }
      ]
    },
    {
      "mode": "managed",
      "type": "eveng_node_link",
      "name": "link_pe1_p1_pe1",
      "provider": "provider[\"registry.terraform.io/corentinptrl/eveng\"]",
      "instances": [
        {
          "schema_version": 0,
          "attributes": {
            "lab_path": "/Topologia_MPLS_Risco.unl",
            "network_id": 3,
            "source_node_id": 5,
            "source_port": "e0/2",
            "style": null,
            "target_node_id": null,
            "target_port": null
          },
          "sensitive_attributes": [],
          "identity_schema_version": 0,
          "dependencies": [
            "eveng_lab.lab_mpls_risco",
            "eveng_network.net_pe1_p1",
            "eveng_node.pe_1"
          ]
        }
      ]
    },
    {
      "mode": "managed",
      "type": "eveng_node_link",
      "name": "link_pe1_p2_p2",
      "provider": "provider[\"registry.terraform.io/corentinptrl/eveng\"]",
      "instances": [
        {
          "schema_version": 0,
          "attributes": {
            "lab_path": "/Topologia_MPLS_Risco.unl",
            "network_id": 1,
            "source_node_id": 3,
            "source_port": "e0/0",
            "style": null,
            "target_node_id": null,
            "target_port": null
          },
          "sensitive_attributes": [],
          "identity_schema_version": 0,
          "dependencies": [
            "eveng_lab.lab_mpls_risco",
            "eveng_network.net_pe1_p2",
            "eveng_node.p_2"
          ]
        }
      ]
    },
    {
      "mode": "managed",
      "type": "eveng_node_link",
      "name": "link_pe1_p2_pe1",
      "provider": "provider[\"registry.terraform.io/corentinptrl/eveng\"]",
      "instances": [
        {
          "schema_version": 0,
          "attributes": {
            "lab_path": "/Topologia_MPLS_Risco.unl",
            "network_id": 1,
            "source_node_id": 5,
            "source_port": "e0/1",
            "style": null,
            "target_node_id": null,
            "target_port": null
          },
          "sensitive_attributes": [],
          "identity_schema_version": 0,
          "dependencies": [
            "eveng_lab.lab_mpls_risco",
            "eveng_network.net_pe1_p2",
            "eveng_node.pe_1"
          ]
        }
      ]
    },
    {
      "mode": "managed",
      "type": "eveng_node_link",
      "name": "link_rr1_p1_p1",
      "provider": "provider[\"registry.terraform.io/corentinptrl/eveng\"]",
      "instances": [
        {
          "schema_version": 0,
          "attributes": {
            "lab_path": "/Topologia_MPLS_Risco.unl",
            "network_id": 2,
            "source_node_id": 2,
            "source_port": "e0/1",
            "style": null,
            "target_node_id": null,
            "target_port": null
          },
          "sensitive_attributes": [],
          "identity_schema_version": 0,
          "dependencies": [
            "eveng_lab.lab_mpls_risco",
            "eveng_network.net_rr1_p1",
            "eveng_node.p_1"
          ]
        }
      ]
    },
    {
      "mode": "managed",
      "type": "eveng_node_link",
      "name": "link_rr1_p1_rr1",
      "provider": "provider[\"registry.terraform.io/corentinptrl/eveng\"]",
      "instances": [
        {
          "schema_version": 0,
          "attributes": {
            "lab_path": "/Topologia_MPLS_Risco.unl",
            "network_id": 2,
            "source_node_id": 4,
            "source_port": "e0/1",
            "style": null,
            "target_node_id": null,
            "target_port": null
          },
          "sensitive_attributes": [],
          "identity_schema_version": 0,
          "dependencies": [
            "eveng_lab.lab_mpls_risco",
            "eveng_network.net_rr1_p1",
            "eveng_node.rr_1"
          ]
        }
      ]
    },
    {
      "mode": "managed",
      "type": "eveng_node_link",
      "name": "mgmt_p_1",
      "provider": "provider[\"registry.terraform.io/corentinptrl/eveng\"]",
      "instances": [
        {
          "schema_version": 0,
          "attributes": {
            "lab_path": "/Topologia_MPLS_Risco.unl",
            "network_id": 7,
            "source_node_id": 2,
            "source_port": "e0/3",
            "style": null,
            "target_node_id": null,
            "target_port": null
          },
          "sensitive_attributes": [],
          "identity_schema_version": 0,
          "dependencies": [
            "eveng_lab.lab_mpls_risco",
            "eveng_network.cloud_gestion",
            "eveng_node.p_1"
          ]
        }
      ]
    },
    {
      "mode": "managed",
      "type": "eveng_node_link",
      "name": "mgmt_p_2",
      "provider": "provider[\"registry.terraform.io/corentinptrl/eveng\"]",
      "instances": [
        {
          "schema_version": 0,
          "attributes": {
            "lab_path": "/Topologia_MPLS_Risco.unl",
            "network_id": 7,
            "source_node_id": 3,
            "source_port": "e0/3",
            "style": null,
            "target_node_id": null,
            "target_port": null
          },
          "sensitive_attributes": [],
          "identity_schema_version": 0,
          "dependencies": [
            "eveng_lab.lab_mpls_risco",
            "eveng_network.cloud_gestion",
            "eveng_node.p_2"
          ]
        }
      ]
    },
    {
      "mode": "managed",
      "type": "eveng_node_link",
      "name": "mgmt_pe_1",
      "provider": "provider[\"registry.terraform.io/corentinptrl/eveng\"]",
      "instances": [
        {
          "schema_version": 0,
          "attributes": {
            "lab_path": "/Topologia_MPLS_Risco.unl",
            "network_id": 7,
            "source_node_id": 5,
            "source_port": "e0/3",
            "style": null,
            "target_node_id": null,
            "target_port": null
          },
          "sensitive_attributes": [],
          "identity_schema_version": 0,
          "dependencies": [
            "eveng_lab.lab_mpls_risco",
            "eveng_network.cloud_gestion",
            "eveng_node.pe_1"
          ]
        }
      ]
    },
    {
      "mode": "managed",
      "type": "eveng_node_link",
      "name": "mgmt_pe_2",
      "provider": "provider[\"registry.terraform.io/corentinptrl/eveng\"]",
      "instances": [
        {
          "schema_version": 0,
          "attributes": {
            "lab_path": "/Topologia_MPLS_Risco.unl",
            "network_id": 7,
            "source_node_id": 1,
            "source_port": "e0/3",
            "style": null,
            "target_node_id": null,
            "target_port": null
          },
          "sensitive_attributes": [],
          "identity_schema_version": 0,
          "dependencies": [
            "eveng_lab.lab_mpls_risco",
            "eveng_network.cloud_gestion",
            "eveng_node.pe_2"
          ]
        }
      ]
    },
    {
      "mode": "managed",
      "type": "eveng_node_link",
      "name": "mgmt_rr_1",
      "provider": "provider[\"registry.terraform.io/corentinptrl/eveng\"]",
      "instances": [
        {
          "schema_version": 0,
          "attributes": {
            "lab_path": "/Topologia_MPLS_Risco.unl",
            "network_id": 7,
            "source_node_id": 4,
            "source_port": "e0/3",
            "style": null,
            "target_node_id": null,
            "target_port": null
          },
          "sensitive_attributes": [],
          "identity_schema_version": 0,
          "dependencies": [
            "eveng_lab.lab_mpls_risco",
            "eveng_network.cloud_gestion",
            "eveng_node.rr_1"
          ]
        }
      ]
    }
  ],
  "check_results": null
}
